// !$*UTF8*$!
{
	archiveVersion = 1;
	classes = {
	};
	objectVersion = 51;
	objects = {

/* Begin PBXBuildFile section */
		6012A18226799E1300B99425 /* AppDelegate.swift in Sources */ = {isa = PBXBuildFile; fileRef = 6012A18126799E1300B99425 /* AppDelegate.swift */; };
		6012A18426799E1300B99425 /* SceneDelegate.swift in Sources */ = {isa = PBXBuildFile; fileRef = 6012A18326799E1300B99425 /* SceneDelegate.swift */; };
		6012A18626799E1300B99425 /* ViewController.swift in Sources */ = {isa = PBXBuildFile; fileRef = 6012A18526799E1300B99425 /* ViewController.swift */; };
		6012A18926799E1300B99425 /* Main.storyboard in Resources */ = {isa = PBXBuildFile; fileRef = 6012A18726799E1300B99425 /* Main.storyboard */; };
		6012A18B26799E1400B99425 /* Assets.xcassets in Resources */ = {isa = PBXBuildFile; fileRef = 6012A18A26799E1400B99425 /* Assets.xcassets */; };
		6012A18E26799E1400B99425 /* LaunchScreen.storyboard in Resources */ = {isa = PBXBuildFile; fileRef = 6012A18C26799E1400B99425 /* LaunchScreen.storyboard */; };
		6012A1992679A5FF00B99425 /* DropDownCell.swift in Sources */ = {isa = PBXBuildFile; fileRef = 6012A1972679A5FF00B99425 /* DropDownCell.swift */; };
		6012A19A2679A5FF00B99425 /* DropDownCell.xib in Resources */ = {isa = PBXBuildFile; fileRef = 6012A1982679A5FF00B99425 /* DropDownCell.xib */; };
		E18B0DE510ECC9FD4C7168F9 /* Pods_MenuDesplegableDemo.framework in Frameworks */ = {isa = PBXBuildFile; fileRef = 3F6D889437C2B62328A214B5 /* Pods_MenuDesplegableDemo.framework */; };
/* End PBXBuildFile section */

/* Begin PBXFileReference section */
		3F6D889437C2B62328A214B5 /* Pods_MenuDesplegableDemo.framework */ = {isa = PBXFileReference; explicitFileType = wrapper.framework; includeInIndex = 0; path = Pods_MenuDesplegableDemo.framework; sourceTree = BUILT_PRODUCTS_DIR; };
		6012A17E26799E1300B99425 /* MenuDesplegableDemo.app */ = {isa = PBXFileReference; explicitFileType = wrapper.application; includeInIndex = 0; path = MenuDesplegableDemo.app; sourceTree = BUILT_PRODUCTS_DIR; };
		6012A18126799E1300B99425 /* AppDelegate.swift */ = {isa = PBXFileReference; lastKnownFileType = sourcecode.swift; path = AppDelegate.swift; sourceTree = "<group>"; };
		6012A18326799E1300B99425 /* SceneDelegate.swift */ = {isa = PBXFileReference; lastKnownFileType = sourcecode.swift; path = SceneDelegate.swift; sourceTree = "<group>"; };
		6012A18526799E1300B99425 /* ViewController.swift */ = {isa = PBXFileReference; lastKnownFileType = sourcecode.swift; path = ViewController.swift; sourceTree = "<group>"; };
		6012A18826799E1300B99425 /* Base */ = {isa = PBXFileReference; lastKnownFileType = file.storyboard; name = Base; path = Base.lproj/Main.storyboard; sourceTree = "<group>"; };
		6012A18A26799E1400B99425 /* Assets.xcassets */ = {isa = PBXFileReference; lastKnownFileType = folder.assetcatalog; path = Assets.xcassets; sourceTree = "<group>"; };
		6012A18D26799E1400B99425 /* Base */ = {isa = PBXFileReference; lastKnownFileType = file.storyboard; name = Base; path = Base.lproj/LaunchScreen.storyboard; sourceTree = "<group>"; };
		6012A18F26799E1400B99425 /* Info.plist */ = {isa = PBXFileReference; lastKnownFileType = text.plist.xml; path = Info.plist; sourceTree = "<group>"; };
		6012A1972679A5FF00B99425 /* DropDownCell.swift */ = {isa = PBXFileReference; lastKnownFileType = sourcecode.swift; path = DropDownCell.swift; sourceTree = "<group>"; };
		6012A1982679A5FF00B99425 /* DropDownCell.xib */ = {isa = PBXFileReference; lastKnownFileType = file.xib; path = DropDownCell.xib; sourceTree = "<group>"; };
		A7ED2970FCE3D54E838B8363 /* Pods-MenuDesplegableDemo.debug.xcconfig */ = {isa = PBXFileReference; includeInIndex = 1; lastKnownFileType = text.xcconfig; name = "Pods-MenuDesplegableDemo.debug.xcconfig"; path = "Target Support Files/Pods-MenuDesplegableDemo/Pods-MenuDesplegableDemo.debug.xcconfig"; sourceTree = "<group>"; };
		CD64DDFCF6022E85FE98E146 /* Pods-MenuDesplegableDemo.release.xcconfig */ = {isa = PBXFileReference; includeInIndex = 1; lastKnownFileType = text.xcconfig; name = "Pods-MenuDesplegableDemo.release.xcconfig"; path = "Target Support Files/Pods-MenuDesplegableDemo/Pods-MenuDesplegableDemo.release.xcconfig"; sourceTree = "<group>"; };
/* End PBXFileReference section */

/* Begin PBXFrameworksBuildPhase section */
		6012A17B26799E1300B99425 /* Frameworks */ = {
			isa = PBXFrameworksBuildPhase;
			buildActionMask = 2147483647;
			files = (
				E18B0DE510ECC9FD4C7168F9 /* Pods_MenuDesplegableDemo.framework in Frameworks */,
			);
			runOnlyForDeploymentPostprocessing = 0;
		};
/* End PBXFrameworksBuildPhase section */

/* Begin PBXGroup section */
		321D07B5D2575A2DF88FAC72 /* Frameworks */ = {
			isa = PBXGroup;
			children = (
				3F6D889437C2B62328A214B5 /* Pods_MenuDesplegableDemo.framework */,
			);
			name = Frameworks;
			sourceTree = "<group>";
		};
		6012A17526799E1300B99425 = {
			isa = PBXGroup;
			children = (
				6012A18026799E1300B99425 /* MenuDesplegableDemo */,
				6012A17F26799E1300B99425 /* Products */,
				AD1370FC9312FD0D5B18EC7F /* Pods */,
				321D07B5D2575A2DF88FAC72 /* Frameworks */,
			);
			sourceTree = "<group>";
		};
		6012A17F26799E1300B99425 /* Products */ = {
			isa = PBXGroup;
			children = (
				6012A17E26799E1300B99425 /* MenuDesplegableDemo.app */,
			);
			name = Products;
			sourceTree = "<group>";
		};
		6012A18026799E1300B99425 /* MenuDesplegableDemo */ = {
			isa = PBXGroup;
			children = (
				6012A18126799E1300B99425 /* AppDelegate.swift */,
				6012A18326799E1300B99425 /* SceneDelegate.swift */,
				6012A18526799E1300B99425 /* ViewController.swift */,
				6012A18726799E1300B99425 /* Main.storyboard */,
				6012A18A26799E1400B99425 /* Assets.xcassets */,
				6012A18C26799E1400B99425 /* LaunchScreen.storyboard */,
				6012A18F26799E1400B99425 /* Info.plist */,
				6012A1972679A5FF00B99425 /* DropDownCell.swift */,
				6012A1982679A5FF00B99425 /* DropDownCell.xib */,
			);
			path = MenuDesplegableDemo;
			sourceTree = "<group>";
		};
		AD1370FC9312FD0D5B18EC7F /* Pods */ = {
			isa = PBXGroup;
			children = (
				A7ED2970FCE3D54E838B8363 /* Pods-MenuDesplegableDemo.debug.xcconfig */,
				CD64DDFCF6022E85FE98E146 /* Pods-MenuDesplegableDemo.release.xcconfig */,
			);
			path = Pods;
			sourceTree = "<group>";
		};
/* End PBXGroup section */

/* Begin PBXNativeTarget section */
		6012A17D26799E1300B99425 /* MenuDesplegableDemo */ = {
			isa = PBXNativeTarget;
			buildConfigurationList = 6012A19226799E1400B99425 /* Build configuration list for PBXNativeTarget "MenuDesplegableDemo" */;
			buildPhases = (
				A5BBCC21C2251D789DE1D14B /* [CP] Check Pods Manifest.lock */,
				6012A17A26799E1300B99425 /* Sources */,
				6012A17B26799E1300B99425 /* Frameworks */,
				6012A17C26799E1300B99425 /* Resources */,
				C1AC8E93BC01020EE293F129 /* [CP] Embed Pods Frameworks */,
			);
			buildRules = (
			);
			dependencies = (
			);
			name = MenuDesplegableDemo;
			productName = MenuDesplegableDemo;
			productReference = 6012A17E26799E1300B99425 /* MenuDesplegableDemo.app */;
			productType = "com.apple.product-type.application";
		};
/* End PBXNativeTarget section */

/* Begin PBXProject section */
		6012A17626799E1300B99425 /* Project object */ = {
			isa = PBXProject;
			attributes = {
				LastSwiftUpdateCheck = 1250;
				LastUpgradeCheck = 1250;
				TargetAttributes = {
					6012A17D26799E1300B99425 = {
						CreatedOnToolsVersion = 12.5;
					};
				};
			};
			buildConfigurationList = 6012A17926799E1300B99425 /* Build configuration list for PBXProject "MenuDesplegableDemo" */;
			compatibilityVersion = "Xcode 9.3";
			developmentRegion = en;
			hasScannedForEncodings = 0;
			knownRegions = (
				en,
				Base,
			);
			mainGroup = 6012A17526799E1300B99425;
			productRefGroup = 6012A17F26799E1300B99425 /* Products */;
			projectDirPath = "";
			projectRoot = "";
			targets = (
				6012A17D26799E1300B99425 /* MenuDesplegableDemo */,
			);
		};
/* End PBXProject section */

/* Begin PBXResourcesBuildPhase section */
		6012A17C26799E1300B99425 /* Resources */ = {
			isa = PBXResourcesBuildPhase;
			buildActionMask = 2147483647;
			files = (
				6012A18E26799E1400B99425 /* LaunchScreen.storyboard in Resources */,
				6012A18B26799E1400B99425 /* Assets.xcassets in Resources */,
				6012A19A2679A5FF00B99425 /* DropDownCell.xib in Resources */,
				6012A18926799E1300B99425 /* Main.storyboard in Resources */,
			);
			runOnlyForDeploymentPostprocessing = 0;
		};
/* End PBXResourcesBuildPhase section */

/* Begin PBXShellScriptBuildPhase section */
		A5BBCC21C2251D789DE1D14B /* [CP] Check Pods Manifest.lock */ = {
			isa = PBXShellScriptBuildPhase;
			buildActionMask = 2147483647;
			files = (
			);
			inputFileListPaths = (
			);
			inputPaths = (
				"${PODS_PODFILE_DIR_PATH}/Podfile.lock",
				"${PODS_ROOT}/Manifest.lock",
			);
			name = "[CP] Check Pods Manifest.lock";
			outputFileListPaths = (
			);
			outputPaths = (
				"$(DERIVED_FILE_DIR)/Pods-MenuDesplegableDemo-checkManifestLockResult.txt",
			);
			runOnlyForDeploymentPostprocessing = 0;
			shellPath = /bin/sh;
			shellScript = "diff \"${PODS_PODFILE_DIR_PATH}/Podfile.lock\" \"${PODS_ROOT}/Manifest.lock\" > /dev/null\nif [ $? != 0 ] ; then\n    # print error to STDERR\n    echo \"error: The sandbox is not in sync with the Podfile.lock. Run 'pod install' or update your CocoaPods installation.\" >&2\n    exit 1\nfi\n# This output is used by Xcode 'outputs' to avoid re-running this script phase.\necho \"SUCCESS\" > \"${SCRIPT_OUTPUT_FILE_0}\"\n";
			showEnvVarsInLog = 0;
		};
		C1AC8E93BC01020EE293F129 /* [CP] Embed Pods Frameworks */ = {
			isa = PBXShellScriptBuildPhase;
			buildActionMask = 2147483647;
			files = (
			);
			inputFileListPaths = (
				"${PODS_ROOT}/Target Support Files/Pods-MenuDesplegableDemo/Pods-MenuDesplegableDemo-frameworks-${CONFIGURATION}-input-files.xcfilelist",
			);
			name = "[CP] Embed Pods Frameworks";
			outputFileListPaths = (
				"${PODS_ROOT}/Target Support Files/Pods-MenuDesplegableDemo/Pods-MenuDesplegableDemo-frameworks-${CONFIGURATION}-output-files.xcfilelist",
			);
			runOnlyForDeploymentPostprocessing = 0;
			shellPath = /bin/sh;
			shellScript = "\"${PODS_ROOT}/Target Support Files/Pods-MenuDesplegableDemo/Pods-MenuDesplegableDemo-frameworks.sh\"\n";
			showEnvVarsInLog = 0;
		};
/* End PBXShellScriptBuildPhase section */

/* Begin PBXSourcesBuildPhase section */
		6012A17A26799E1300B99425 /* Sources */ = {
			isa = PBXSourcesBuildPhase;
			buildActionMask = 2147483647;
			files = (
				6012A18626799E1300B99425 /* ViewController.swift in Sources */,
				6012A18226799E1300B99425 /* AppDelegate.swift in Sources */,
				6012A1992679A5FF00B99425 /* DropDownCell.swift in Sources */,
				6012A18426799E1300B99425 /* SceneDelegate.swift in Sources */,
			);
			runOnlyForDeploymentPostprocessing = 0;
		};
/* End PBXSourcesBuildPhase section */

/* Begin PBXVariantGroup section */
		6012A18726799E1300B99425 /* Main.storyboard */ = {
			isa = PBXVariantGroup;
			children = (
				6012A18826799E1300B99425 /* Base */,
			);
			name = Main.storyboard;
			sourceTree = "<group>";
		};
		6012A18C26799E1400B99425 /* LaunchScreen.storyboard */ = {
			isa = PBXVariantGroup;
			children = (
				6012A18D26799E1400B99425 /* Base */,
			);
			name = LaunchScreen.storyboard;
			sourceTree = "<group>";
		};
/* End PBXVariantGroup section */

/* Begin XCBuildConfiguration section */
		6012A19026799E1400B99425 /* Debug */ = {
			isa = XCBuildConfiguration;
			buildSettings = {
				ALWAYS_SEARCH_USER_PATHS = NO;
				CLANG_ANALYZER_NONNULL = YES;
				CLANG_ANALYZER_NUMBER_OBJECT_CONVERSION = YES_AGGRESSIVE;
				CLANG_CXX_LANGUAGE_STANDARD = "gnu++14";
				CLANG_CXX_LIBRARY = "libc++";
				CLANG_ENABLE_MODULES = YES;
				CLANG_ENABLE_OBJC_ARC = YES;
				CLANG_ENABLE_OBJC_WEAK = YES;
				CLANG_WARN_BLOCK_CAPTURE_AUTORELEASING = YES;
				CLANG_WARN_BOOL_CONVERSION = YES;
				CLANG_WARN_COMMA = YES;
				CLANG_WARN_CONSTANT_CONVERSION = YES;
				CLANG_WARN_DEPRECATED_OBJC_IMPLEMENTATIONS = YES;
				CLANG_WARN_DIRECT_OBJC_ISA_USAGE = YES_ERROR;
				CLANG_WARN_DOCUMENTATION_COMMENTS = YES;
				CLANG_WARN_EMPTY_BODY = YES;
				CLANG_WARN_ENUM_CONVERSION = YES;
				CLANG_WARN_INFINITE_RECURSION = YES;
				CLANG_WARN_INT_CONVERSION = YES;
				CLANG_WARN_NON_LITERAL_NULL_CONVERSION = YES;
				CLANG_WARN_OBJC_IMPLICIT_RETAIN_SELF = YES;
				CLANG_WARN_OBJC_LITERAL_CONVERSION = YES;
				CLANG_WARN_OBJC_ROOT_CLASS = YES_ERROR;
				CLANG_WARN_QUOTED_INCLUDE_IN_FRAMEWORK_HEADER = YES;
				CLANG_WARN_RANGE_LOOP_ANALYSIS = YES;
				CLANG_WARN_STRICT_PROTOTYPES = YES;
				CLANG_WARN_SUSPICIOUS_MOVE = YES;
				CLANG_WARN_UNGUARDED_AVAILABILITY = YES_AGGRESSIVE;
				CLANG_WARN_UNREACHABLE_CODE = YES;
				CLANG_WARN__DUPLICATE_METHOD_MATCH = YES;
				COPY_PHASE_STRIP = NO;
				DEBUG_INFORMATION_FORMAT = dwarf;
				ENABLE_STRICT_OBJC_MSGSEND = YES;
				ENABLE_TESTABILITY = YES;
				GCC_C_LANGUAGE_STANDARD = gnu11;
				GCC_DYNAMIC_NO_PIC = NO;
				GCC_NO_COMMON_BLOCKS = YES;
				GCC_OPTIMIZATION_LEVEL = 0;
				GCC_PREPROCESSOR_DEFINITIONS = (
					"DEBUG=1",
					"$(inherited)",
				);
				GCC_WARN_64_TO_32_BIT_CONVERSION = YES;
				GCC_WARN_ABOUT_RETURN_TYPE = YES_ERROR;
				GCC_WARN_UNDECLARED_SELECTOR = YES;
				GCC_WARN_UNINITIALIZED_AUTOS = YES_AGGRESSIVE;
				GCC_WARN_UNUSED_FUNCTION = YES;
				GCC_WARN_UNUSED_VARIABLE = YES;
				IPHONEOS_DEPLOYMENT_TARGET = 14.5;
				MTL_ENABLE_DEBUG_INFO = INCLUDE_SOURCE;
				MTL_FAST_MATH = YES;
				ONLY_ACTIVE_ARCH = YES;
				SDKROOT = iphoneos;
				SWIFT_ACTIVE_COMPILATION_CONDITIONS = DEBUG;
				SWIFT_OPTIMIZATION_LEVEL = "-Onone";
			};
			name = Debug;
		};
		6012A19126799E1400B99425 /* Release */ = {
			isa = XCBuildConfiguration;
			buildSettings = {
				ALWAYS_SEARCH_USER_PATHS = NO;
				CLANG_ANALYZER_NONNULL = YES;
				CLANG_ANALYZER_NUMBER_OBJECT_CONVERSION = YES_AGGRESSIVE;
				CLANG_CXX_LANGUAGE_STANDARD = "gnu++14";
				CLANG_CXX_LIBRARY = "libc++";
				CLANG_ENABLE_MODULES = YES;
				CLANG_ENABLE_OBJC_ARC = YES;
				CLANG_ENABLE_OBJC_WEAK = YES;
				CLANG_WARN_BLOCK_CAPTURE_AUTORELEASING = YES;
				CLANG_WARN_BOOL_CONVERSION = YES;
				CLANG_WARN_COMMA = YES;
				CLANG_WARN_CONSTANT_CONVERSION = YES;
				CLANG_WARN_DEPRECATED_OBJC_IMPLEMENTATIONS = YES;
				CLANG_WARN_DIRECT_OBJC_ISA_USAGE = YES_ERROR;
				CLANG_WARN_DOCUMENTATION_COMMENTS = YES;
				CLANG_WARN_EMPTY_BODY = YES;
				CLANG_WARN_ENUM_CONVERSION = YES;
				CLANG_WARN_INFINITE_RECURSION = YES;
				CLANG_WARN_INT_CONVERSION = YES;
				CLANG_WARN_NON_LITERAL_NULL_CONVERSION = YES;
				CLANG_WARN_OBJC_IMPLICIT_RETAIN_SELF = YES;
				CLANG_WARN_OBJC_LITERAL_CONVERSION = YES;
				CLANG_WARN_OBJC_ROOT_CLASS = YES_ERROR;
				CLANG_WARN_QUOTED_INCLUDE_IN_FRAMEWORK_HEADER = YES;
				CLANG_WARN_RANGE_LOOP_ANALYSIS = YES;
				CLANG_WARN_STRICT_PROTOTYPES = YES;
				CLANG_WARN_SUSPICIOUS_MOVE = YES;
				CLANG_WARN_UNGUARDED_AVAILABILITY = YES_AGGRESSIVE;
				CLANG_WARN_UNREACHABLE_CODE = YES;
				CLANG_WARN__DUPLICATE_METHOD_MATCH = YES;
				COPY_PHASE_STRIP = NO;
				DEBUG_INFORMATION_FORMAT = "dwarf-with-dsym";
				ENABLE_NS_ASSERTIONS = NO;
				ENABLE_STRICT_OBJC_MSGSEND = YES;
				GCC_C_LANGUAGE_STANDARD = gnu11;
				GCC_NO_COMMON_BLOCKS = YES;
				GCC_WARN_64_TO_32_BIT_CONVERSION = YES;
				GCC_WARN_ABOUT_RETURN_TYPE = YES_ERROR;
				GCC_WARN_UNDECLARED_SELECTOR = YES;
				GCC_WARN_UNINITIALIZED_AUTOS = YES_AGGRESSIVE;
				GCC_WARN_UNUSED_FUNCTION = YES;
				GCC_WARN_UNUSED_VARIABLE = YES;
				IPHONEOS_DEPLOYMENT_TARGET = 14.5;
				MTL_ENABLE_DEBUG_INFO = NO;
				MTL_FAST_MATH = YES;
				SDKROOT = iphoneos;
				SWIFT_COMPILATION_MODE = wholemodule;
				SWIFT_OPTIMIZATION_LEVEL = "-O";
				VALIDATE_PRODUCT = YES;
			};
			name = Release;
		};
		6012A19326799E1400B99425 /* Debug */ = {
			isa = XCBuildConfiguration;
			baseConfigurationReference = A7ED2970FCE3D54E838B8363 /* Pods-MenuDesplegableDemo.debug.xcconfig */;
			buildSettings = {
				ASSETCATALOG_COMPILER_APPICON_NAME = AppIcon;
				ASSETCATALOG_COMPILER_GLOBAL_ACCENT_COLOR_NAME = AccentColor;
				CODE_SIGN_STYLE = Automatic;
				DEVELOPMENT_TEAM = N4CRXDCNQC;
				INFOPLIST_FILE = MenuDesplegableDemo/Info.plist;
				LD_RUNPATH_SEARCH_PATHS = (
					"$(inherited)",
					"@executable_path/Frameworks",
				);
				PRODUCT_BUNDLE_IDENTIFIER = com.devsolutions.marcoart.MenuDesplegableDemo;
				PRODUCT_NAME = "$(TARGET_NAME)";
				SWIFT_VERSION = 5.0;
				TARGETED_DEVICE_FAMILY = "1,2";
			};
			name = Debug;
		};
		6012A19426799E1400B99425 /* Release */ = {
			isa = XCBuildConfiguration;
			baseConfigurationReference = CD64DDFCF6022E85FE98E146 /* Pods-MenuDesplegableDemo.release.xcconfig */;
			buildSettings = {
				ASSETCATALOG_COMPILER_APPICON_NAME = AppIcon;
				ASSETCATALOG_COMPILER_GLOBAL_ACCENT_COLOR_NAME = AccentColor;
				CODE_SIGN_STYLE = Automatic;
				DEVELOPMENT_TEAM = N4CRXDCNQC;
				INFOPLIST_FILE = MenuDesplegableDemo/Info.plist;
				LD_RUNPATH_SEARCH_PATHS = (
					"$(inherited)",
					"@executable_path/Frameworks",
				);
				PRODUCT_BUNDLE_IDENTIFIER = com.devsolutions.marcoart.MenuDesplegableDemo;
				PRODUCT_NAME = "$(TARGET_NAME)";
				SWIFT_VERSION = 5.0;
				TARGETED_DEVICE_FAMILY = "1,2";
			};
			name = Release;
		};
/* End XCBuildConfiguration section */

/* Begin XCConfigurationList section */
		6012A17926799E1300B99425 /* Build configuration list for PBXProject "MenuDesplegableDemo" */ = {
			isa = XCConfigurationList;
			buildConfigurations = (
				6012A19026799E1400B99425 /* Debug */,
				6012A19126799E1400B99425 /* Release */,
			);
			defaultConfigurationIsVisible = 0;
			defaultConfigurationName = Release;
		};
		6012A19226799E1400B99425 /* Build configuration list for PBXNativeTarget "MenuDesplegableDemo" */ = {
			isa = XCConfigurationList;
			buildConfigurations = (
				6012A19326799E1400B99425 /* Debug */,
				6012A19426799E1400B99425 /* Release */,
			);
			defaultConfigurationIsVisible = 0;
			defaultConfigurationName = Release;
		};
/* End XCConfigurationList section */
	};
	rootObject = 6012A17626799E1300B99425 /* Project object */;
}
